
Microsoft Visual Studio Solution File, Format Version 12.00
# Visual Studio Version 17
VisualStudioVersion = 17.5.33414.496
MinimumVisualStudioVersion = 10.0.40219.1
Project("{2150E333-8FDC-42A3-9474-1A3956D46DE8}") = "2.Genaral Develop Skill", "2.Genaral Develop Skill", "{0B6FF11A-E07B-4A42-8AC4-623E55B21AC3}"
EndProject
Project("{FAE04EC0-301F-11D3-BF4B-00C04F79EFBC}") = "2.Genaral Develop Skill", "2.Genaral Develop Skill\2.Genaral Develop Skill\2.Genaral Develop Skill.csproj", "{7EAE7B17-5786-4006-BEBF-1D6CAD8E5B31}"
EndProject
Project("{2150E333-8FDC-42A3-9474-1A3956D46DE8}") = "1.C#Example", "1.C#Example", "{3075A7CD-CAF1-431B-B101-AE0FC3AB1E51}"
	ProjectSection(SolutionItems) = preProject
		..\..\.NetCore-Developer-Roadmap--\C#\C#.md = ..\..\.NetCore-Developer-Roadmap--\C#\C#.md
	EndProjectSection
EndProject
Project("{FAE04EC0-301F-11D3-BF4B-00C04F79EFBC}") = "1.C#Example", "1.C#Example\1.C#Example\1.C#Example.csproj", "{721A1203-F55A-458D-82DF-74B5FCD0A1E3}"
EndProject
Global
	GlobalSection(SolutionConfigurationPlatforms) = preSolution
		Debug|Any CPU = Debug|Any CPU
		Release|Any CPU = Release|Any CPU
	EndGlobalSection
	GlobalSection(ProjectConfigurationPlatforms) = postSolution
		{7EAE7B17-5786-4006-BEBF-1D6CAD8E5B31}.Debug|Any CPU.ActiveCfg = Debug|Any CPU
		{7EAE7B17-5786-4006-BEBF-1D6CAD8E5B31}.Debug|Any CPU.Build.0 = Debug|Any CPU
		{7EAE7B17-5786-4006-BEBF-1D6CAD8E5B31}.Release|Any CPU.ActiveCfg = Release|Any CPU
		{7EAE7B17-5786-4006-BEBF-1D6CAD8E5B31}.Release|Any CPU.Build.0 = Release|Any CPU
		{721A1203-F55A-458D-82DF-74B5FCD0A1E3}.Debug|Any CPU.ActiveCfg = Debug|Any CPU
		{721A1203-F55A-458D-82DF-74B5FCD0A1E3}.Debug|Any CPU.Build.0 = Debug|Any CPU
		{721A1203-F55A-458D-82DF-74B5FCD0A1E3}.Release|Any CPU.ActiveCfg = Release|Any CPU
		{721A1203-F55A-458D-82DF-74B5FCD0A1E3}.Release|Any CPU.Build.0 = Release|Any CPU
	EndGlobalSection
	GlobalSection(SolutionProperties) = preSolution
		HideSolutionNode = FALSE
	EndGlobalSection
	GlobalSection(NestedProjects) = preSolution
		{7EAE7B17-5786-4006-BEBF-1D6CAD8E5B31} = {0B6FF11A-E07B-4A42-8AC4-623E55B21AC3}
		{721A1203-F55A-458D-82DF-74B5FCD0A1E3} = {3075A7CD-CAF1-431B-B101-AE0FC3AB1E51}
	EndGlobalSection
	GlobalSection(ExtensibilityGlobals) = postSolution
		SolutionGuid = {0FE7611C-2E73-41DC-A337-D1FA5F7E87E3}
	EndGlobalSection
EndGlobal
