
Microsoft Visual Studio Solution File, Format Version 12.00
# Visual Studio Version 17
VisualStudioVersion = 17.5.33414.496
MinimumVisualStudioVersion = 10.0.40219.1
Project("{FAE04EC0-301F-11D3-BF4B-00C04F79EFBC}") = "1.C#Example", "1.C#Example\1.C#Example.csproj", "{F65A0898-103E-455F-A2B4-4E023ACAAFCE}"
EndProject
Project("{2150E333-8FDC-42A3-9474-1A3956D46DE8}") = "1.C#", "1.C#", "{BAF2292B-EF92-41A4-8F40-B2F1D71B009F}"
EndProject
Global
	GlobalSection(SolutionConfigurationPlatforms) = preSolution
		Debug|Any CPU = Debug|Any CPU
		Release|Any CPU = Release|Any CPU
	EndGlobalSection
	GlobalSection(ProjectConfigurationPlatforms) = postSolution
		{F65A0898-103E-455F-A2B4-4E023ACAAFCE}.Debug|Any CPU.ActiveCfg = Debug|Any CPU
		{F65A0898-103E-455F-A2B4-4E023ACAAFCE}.Debug|Any CPU.Build.0 = Debug|Any CPU
		{F65A0898-103E-455F-A2B4-4E023ACAAFCE}.Release|Any CPU.ActiveCfg = Release|Any CPU
		{F65A0898-103E-455F-A2B4-4E023ACAAFCE}.Release|Any CPU.Build.0 = Release|Any CPU
	EndGlobalSection
	GlobalSection(SolutionProperties) = preSolution
		HideSolutionNode = FALSE
	EndGlobalSection
	GlobalSection(NestedProjects) = preSolution
		{F65A0898-103E-455F-A2B4-4E023ACAAFCE} = {BAF2292B-EF92-41A4-8F40-B2F1D71B009F}
	EndGlobalSection
	GlobalSection(ExtensibilityGlobals) = postSolution
		SolutionGuid = {0FE7611C-2E73-41DC-A337-D1FA5F7E87E3}
	EndGlobalSection
EndGlobal
